# THIS IS AN AUTOGENERATED FILE. DO NOT EDIT THIS FILE DIRECTLY.
# yarn lockfile v1


"@types/ace@*":
  version "0.0.47"
  resolved "https://registry.npmjs.org/@types/ace/-/ace-0.0.47.tgz"

"@types/body-parser@*":
  version "1.19.1"
  resolved "https://registry.npmjs.org/@types/body-parser/-/body-parser-1.19.1.tgz"
  dependencies:
    "@types/connect" "*"
    "@types/node" "*"

"@types/connect@*":
  version "3.4.35"
  resolved "https://registry.npmjs.org/@types/connect/-/connect-3.4.35.tgz"
  dependencies:
    "@types/node" "*"

"@types/cors@*":
  version "2.8.12"
  resolved "https://registry.npmjs.org/@types/cors/-/cors-2.8.12.tgz"

"@types/express-serve-static-core@^4.17.18":
  version "4.17.24"
  resolved "https://registry.npmjs.org/@types/express-serve-static-core/-/express-serve-static-core-4.17.24.tgz"
  dependencies:
    "@types/node" "*"
    "@types/qs" "*"
    "@types/range-parser" "*"

"@types/express@*":
  version "4.17.13"
  resolved "https://registry.npmjs.org/@types/express/-/express-4.17.13.tgz"
  dependencies:
    "@types/body-parser" "*"
    "@types/express-serve-static-core" "^4.17.18"
    "@types/qs" "*"
    "@types/serve-static" "*"

"@types/jquery@*":
  version "3.5.6"
  resolved "https://registry.npmjs.org/@types/jquery/-/jquery-3.5.6.tgz"
  dependencies:
    "@types/sizzle" "*"

"@types/mime@^1":
  version "1.3.2"
  resolved "https://registry.npmjs.org/@types/mime/-/mime-1.3.2.tgz"

"@types/node-red@^1.1.1":
  version "1.1.1"
  resolved "https://registry.npmjs.org/@types/node-red/-/node-red-1.1.1.tgz"
  dependencies:
    "@types/express" "*"
    "@types/node-red__editor-api" "*"
    "@types/node-red__editor-client" "*"
    "@types/node-red__registry" "*"
    "@types/node-red__runtime" "*"
    "@types/node-red__util" "*"

"@types/node-red__editor-api@*":
  version "1.1.1"
  resolved "https://registry.npmjs.org/@types/node-red__editor-api/-/node-red__editor-api-1.1.1.tgz"
  dependencies:
    "@types/express" "*"
    "@types/node-red__runtime" "*"

"@types/node-red__editor-client@*":
  version "1.1.4"
  resolved "https://registry.npmjs.org/@types/node-red__editor-client/-/node-red__editor-client-1.1.4.tgz"
  dependencies:
    "@types/ace" "*"
    "@types/jquery" "*"
    "@types/node-red__runtime" "*"
    "@types/node-red__util" "*"

"@types/node-red__registry@*":
  version "1.1.5"
  resolved "https://registry.npmjs.org/@types/node-red__registry/-/node-red__registry-1.1.5.tgz"
  dependencies:
    "@types/express" "*"
    "@types/node-red__runtime" "*"
    "@types/node-red__util" "*"

"@types/node-red__runtime@*":
  version "1.1.3"
  resolved "https://registry.npmjs.org/@types/node-red__runtime/-/node-red__runtime-1.1.3.tgz"
  dependencies:
    "@types/cors" "*"
    "@types/express" "*"
    "@types/node-red__editor-api" "*"
    "@types/node-red__util" "*"
    "@types/passport" "*"

"@types/node-red__util@*":
  version "1.1.2"
  resolved "https://registry.npmjs.org/@types/node-red__util/-/node-red__util-1.1.2.tgz"
  dependencies:
    "@types/node-red__registry" "*"
    "@types/node-red__runtime" "*"
    jsonata "1.8.3"

"@types/node@*", "@types/node@^16.9.6":
  version "16.10.1"
  resolved "https://registry.npmjs.org/@types/node/-/node-16.10.1.tgz"

"@types/passport@*":
  version "1.0.7"
  resolved "https://registry.npmjs.org/@types/passport/-/passport-1.0.7.tgz"
  dependencies:
    "@types/express" "*"

"@types/qs@*":
  version "6.9.7"
  resolved "https://registry.npmjs.org/@types/qs/-/qs-6.9.7.tgz"

"@types/range-parser@*":
  version "1.2.4"
  resolved "https://registry.npmjs.org/@types/range-parser/-/range-parser-1.2.4.tgz"

"@types/serve-static@*":
  version "1.13.10"
  resolved "https://registry.npmjs.org/@types/serve-static/-/serve-static-1.13.10.tgz"
  dependencies:
    "@types/mime" "^1"
    "@types/node" "*"

"@types/sizzle@*":
  version "2.3.3"
  resolved "https://registry.npmjs.org/@types/sizzle/-/sizzle-2.3.3.tgz"

balanced-match@^1.0.0:
  version "1.0.2"
  resolved "https://registry.npmjs.org/balanced-match/-/balanced-match-1.0.2.tgz"

base64-js@^1.3.1:
  version "1.5.1"
  resolved "https://registry.npmjs.org/base64-js/-/base64-js-1.5.1.tgz"

bl@^4.0.2:
  version "4.1.0"
  resolved "https://registry.npmjs.org/bl/-/bl-4.1.0.tgz"
  dependencies:
    buffer "^5.5.0"
    inherits "^2.0.4"
    readable-stream "^3.4.0"

brace-expansion@^1.1.7:
  version "1.1.11"
  resolved "https://registry.npmjs.org/brace-expansion/-/brace-expansion-1.1.11.tgz"
  dependencies:
    balanced-match "^1.0.0"
    concat-map "0.0.1"

buffer-from@^1.0.0:
  version "1.1.2"
  resolved "https://registry.npmjs.org/buffer-from/-/buffer-from-1.1.2.tgz"

buffer@^5.5.0:
  version "5.7.1"
  resolved "https://registry.npmjs.org/buffer/-/buffer-5.7.1.tgz"
  dependencies:
    base64-js "^1.3.1"
    ieee754 "^1.1.13"

collections@^5.1.12:
  version "5.1.12"
  resolved "https://registry.npmjs.org/collections/-/collections-5.1.12.tgz"
  dependencies:
    weak-map "~1.0.x"

commist@^1.0.0:
  version "1.1.0"
  resolved "https://registry.npmjs.org/commist/-/commist-1.1.0.tgz"
  dependencies:
    leven "^2.1.0"
    minimist "^1.1.0"

concat-map@0.0.1:
  version "0.0.1"
  resolved "https://registry.npmjs.org/concat-map/-/concat-map-0.0.1.tgz"

concat-stream@^2.0.0:
  version "2.0.0"
  resolved "https://registry.npmjs.org/concat-stream/-/concat-stream-2.0.0.tgz"
  dependencies:
    buffer-from "^1.0.0"
    inherits "^2.0.3"
    readable-stream "^3.0.2"
    typedarray "^0.0.6"

debug@^4.1.1, debug@^4.3.1:
  version "4.3.2"
  resolved "https://registry.npmjs.org/debug/-/debug-4.3.2.tgz"
  dependencies:
    ms "2.1.2"

duplexify@^4.1.1:
  version "4.1.2"
  resolved "https://registry.npmjs.org/duplexify/-/duplexify-4.1.2.tgz"
  dependencies:
    end-of-stream "^1.4.1"
    inherits "^2.0.3"
    readable-stream "^3.1.1"
    stream-shift "^1.0.0"

end-of-stream@^1.1.0, end-of-stream@^1.4.1:
  version "1.4.4"
  resolved "https://registry.npmjs.org/end-of-stream/-/end-of-stream-1.4.4.tgz"
  dependencies:
    once "^1.4.0"

fs.realpath@^1.0.0:
  version "1.0.0"
  resolved "https://registry.npmjs.org/fs.realpath/-/fs.realpath-1.0.0.tgz"

glob@^7.1.6:
  version "7.2.0"
  resolved "https://registry.npmjs.org/glob/-/glob-7.2.0.tgz"
  dependencies:
    fs.realpath "^1.0.0"
    inflight "^1.0.4"
    inherits "2"
    minimatch "^3.0.4"
    once "^1.3.0"
    path-is-absolute "^1.0.0"

help-me@^3.0.0:
  version "3.0.0"
  resolved "https://registry.npmjs.org/help-me/-/help-me-3.0.0.tgz"
  dependencies:
    glob "^7.1.6"
    readable-stream "^3.6.0"

ieee754@^1.1.13:
  version "1.2.1"
  resolved "https://registry.npmjs.org/ieee754/-/ieee754-1.2.1.tgz"

inflight@^1.0.4:
  version "1.0.6"
  resolved "https://registry.npmjs.org/inflight/-/inflight-1.0.6.tgz"
  dependencies:
    once "^1.3.0"
    wrappy "1"

inherits@2, inherits@^2.0.3, inherits@^2.0.4:
  version "2.0.4"
  resolved "https://registry.npmjs.org/inherits/-/inherits-2.0.4.tgz"

jsonata@1.8.3:
  version "1.8.3"
  resolved "https://registry.npmjs.org/jsonata/-/jsonata-1.8.3.tgz"

leven@^2.1.0:
  version "2.1.0"
  resolved "https://registry.npmjs.org/leven/-/leven-2.1.0.tgz"

minimatch@^3.0.4:
  version "3.0.4"
  resolved "https://registry.npmjs.org/minimatch/-/minimatch-3.0.4.tgz"
  dependencies:
    brace-expansion "^1.1.7"

minimist@^1.1.0, minimist@^1.2.5:
  version "1.2.8"
  resolved "https://registry.yarnpkg.com/minimist/-/minimist-1.2.8.tgz#c1a464e7693302e082a075cee0c057741ac4772c"

mqtt-packet@^6.8.0:
  version "6.10.0"
  resolved "https://registry.npmjs.org/mqtt-packet/-/mqtt-packet-6.10.0.tgz"
  dependencies:
    bl "^4.0.2"
    debug "^4.1.1"
    process-nextick-args "^2.0.1"

"mqtt@https://github.com/Glartek/MQTT.js#a931f79":
  version "4.2.8"
  resolved "git+ssh://git@github.com/Glartek/MQTT.js.git#a931f79219ae950a16407ef3a71bd217ace608aa"
  dependencies:
    commist "^1.0.0"
    concat-stream "^2.0.0"
    debug "^4.1.1"
    duplexify "^4.1.1"
    help-me "^3.0.0"
    inherits "^2.0.3"
    minimist "^1.2.5"
    mqtt-packet "^6.8.0"
    number-allocator "^1.0.7"
    pump "^3.0.0"
    readable-stream "^3.6.0"
    reinterval "^1.1.0"
    split2 "^3.1.0"
    ws "^7.5.0"
    xtend "^4.0.2"

ms@2.1.2:
  version "2.1.2"
  resolved "https://registry.npmjs.org/ms/-/ms-2.1.2.tgz"

number-allocator@^1.0.7:
  version "1.0.7"
  resolved "https://registry.npmjs.org/number-allocator/-/number-allocator-1.0.7.tgz"
  dependencies:
    collections "^5.1.12"
    debug "^4.3.1"

once@^1.3.0, once@^1.3.1, once@^1.4.0:
  version "1.4.0"
  resolved "https://registry.npmjs.org/once/-/once-1.4.0.tgz"
  dependencies:
    wrappy "1"

path-is-absolute@^1.0.0:
  version "1.0.1"
  resolved "https://registry.npmjs.org/path-is-absolute/-/path-is-absolute-1.0.1.tgz"

process-nextick-args@^2.0.1:
  version "2.0.1"
  resolved "https://registry.npmjs.org/process-nextick-args/-/process-nextick-args-2.0.1.tgz"

pump@^3.0.0:
  version "3.0.0"
  resolved "https://registry.npmjs.org/pump/-/pump-3.0.0.tgz"
  dependencies:
    end-of-stream "^1.1.0"
    once "^1.3.1"

readable-stream@^3.0.0, readable-stream@^3.0.2, readable-stream@^3.1.1, readable-stream@^3.4.0, readable-stream@^3.6.0:
  version "3.6.0"
  resolved "https://registry.npmjs.org/readable-stream/-/readable-stream-3.6.0.tgz"
  dependencies:
    inherits "^2.0.3"
    string_decoder "^1.1.1"
    util-deprecate "^1.0.1"

reinterval@^1.1.0:
  version "1.1.0"
  resolved "https://registry.npmjs.org/reinterval/-/reinterval-1.1.0.tgz"

safe-buffer@~5.2.0:
  version "5.2.1"
  resolved "https://registry.npmjs.org/safe-buffer/-/safe-buffer-5.2.1.tgz"

split2@^3.1.0:
  version "3.2.2"
  resolved "https://registry.npmjs.org/split2/-/split2-3.2.2.tgz"
  dependencies:
    readable-stream "^3.0.0"

stream-shift@^1.0.0:
  version "1.0.1"
  resolved "https://registry.npmjs.org/stream-shift/-/stream-shift-1.0.1.tgz"

string_decoder@^1.1.1:
  version "1.3.0"
  resolved "https://registry.npmjs.org/string_decoder/-/string_decoder-1.3.0.tgz"
  dependencies:
    safe-buffer "~5.2.0"

typedarray@^0.0.6:
  version "0.0.6"
  resolved "https://registry.npmjs.org/typedarray/-/typedarray-0.0.6.tgz"

typescript@^4.4.3:
  version "4.4.3"
  resolved "https://registry.npmjs.org/typescript/-/typescript-4.4.3.tgz"

util-deprecate@^1.0.1:
  version "1.0.2"
  resolved "https://registry.npmjs.org/util-deprecate/-/util-deprecate-1.0.2.tgz"

weak-map@~1.0.x:
  version "1.0.5"
  resolved "https://registry.npmjs.org/weak-map/-/weak-map-1.0.5.tgz"

wrappy@1:
  version "1.0.2"
  resolved "https://registry.npmjs.org/wrappy/-/wrappy-1.0.2.tgz"

ws@^7.5.0:
  version "7.5.5"
  resolved "https://registry.npmjs.org/ws/-/ws-7.5.5.tgz"

xtend@^4.0.2:
  version "4.0.2"
  resolved "https://registry.npmjs.org/xtend/-/xtend-4.0.2.tgz"
